<?xml version="1.0" encoding="utf-8"?>
<Project ToolsVersion="4.0" xmlns="http://schemas.microsoft.com/developer/msbuild/2003">
  <ItemGroup>
    <Filter Include="Source Files">
      <UniqueIdentifier>{4fb256b9-77b7-4929-88e1-2e30b851cc97}</UniqueIdentifier>
      <Extensions>cpp;c;cxx;rc;def;r;odl;idl;hpj;bat</Extensions>
    </Filter>
    <Filter Include="Header Files">
      <UniqueIdentifier>{2a4f1f3a-5737-492f-8480-d93871c6f10a}</UniqueIdentifier>
      <Extensions>h;hpp;hxx;hm;inl</Extensions>
    </Filter>
    <Filter Include="Resource Files">
      <UniqueIdentifier>{89916c7c-c961-413f-b761-e07849d4f9e9}</UniqueIdentifier>
      <Extensions>ico;cur;bmp;dlg;rc2;rct;bin;rgs;gif;jpg;jpeg;jpe</Extensions>
    </Filter>
  </ItemGroup>
  <ItemGroup>
    <ClCompile Include="BCGPChartExample.cpp">
      <Filter>Source Files</Filter>
    </ClCompile>
    <ClCompile Include="BCGPChartExampleDoc.cpp">
      <Filter>Source Files</Filter>
    </ClCompile>
    <ClCompile Include="BCGPChartExampleView.cpp">
      <Filter>Source Files</Filter>
    </ClCompile>
    <ClCompile Include="StdAfx.cpp">
      <Filter>Source Files</Filter>
    </ClCompile>
    <ClCompile Include="CommonFunc.cpp">
      <Filter>Source Files</Filter>
    </ClCompile>
    <ClCompile Include="dev_info.cpp">
      <Filter>Source Files</Filter>
    </ClCompile>
    <ClCompile Include="Spi.cpp">
      <Filter>Source Files</Filter>
    </ClCompile>
    <ClCompile Include="Picture.cpp">
      <Filter>Source Files</Filter>
    </ClCompile>
    <ClCompile Include="LoginDlg.cpp">
      <Filter>Source Files</Filter>
    </ClCompile>
    <ClCompile Include="TestmainView.cpp">
      <Filter>Source Files</Filter>
    </ClCompile>
    <ClCompile Include="CMyBCGPListCtrl.cpp">
      <Filter>Source Files</Filter>
    </ClCompile>
    <ClCompile Include="HeaderCtrl.cpp">
      <Filter>Source Files</Filter>
    </ClCompile>
    <ClCompile Include="ListCtrl.cpp">
      <Filter>Source Files</Filter>
    </ClCompile>
    <ClCompile Include="CMyBCGPHeaderCtrl.cpp">
      <Filter>Source Files</Filter>
    </ClCompile>
    <ClCompile Include="WorkSheetView.cpp">
      <Filter>Source Files</Filter>
    </ClCompile>
    <ClCompile Include="PatientInfoView.cpp">
      <Filter>Source Files</Filter>
    </ClCompile>
    <ClCompile Include="DoctorInfoView.cpp">
      <Filter>Source Files</Filter>
    </ClCompile>
    <ClCompile Include="LogView.cpp">
      <Filter>Source Files</Filter>
    </ClCompile>
    <ClCompile Include="ResultListView.cpp">
      <Filter>Source Files</Filter>
    </ClCompile>
    <ClCompile Include="PatientResultView.cpp">
      <Filter>Source Files</Filter>
    </ClCompile>
    <ClCompile Include="LogProcedure.cpp">
      <Filter>Source Files</Filter>
    </ClCompile>
    <ClCompile Include="DataTransmission.cpp">
      <Filter>Source Files</Filter>
    </ClCompile>
    <ClCompile Include="DataProcess.cpp">
      <Filter>Source Files</Filter>
    </ClCompile>
    <ClCompile Include="Database.cpp">
      <Filter>Source Files</Filter>
    </ClCompile>
    <ClCompile Include="Global_def.cpp">
      <Filter>Source Files</Filter>
    </ClCompile>
    <ClCompile Include="ResultDetails.cpp">
      <Filter>Source Files</Filter>
    </ClCompile>
    <ClCompile Include="ConfigSetView.cpp">
      <Filter>Source Files</Filter>
    </ClCompile>
    <ClCompile Include="WorkspaceBar.cpp">
      <Filter>Source Files</Filter>
    </ClCompile>
    <ClCompile Include="TimeSetView.cpp">
      <Filter>Source Files</Filter>
    </ClCompile>
    <ClCompile Include="UnitSetView.cpp">
      <Filter>Source Files</Filter>
    </ClCompile>
    <ClCompile Include="RangeSetView.cpp">
      <Filter>Source Files</Filter>
    </ClCompile>
    <ClCompile Include="PrintSetView.cpp">
      <Filter>Source Files</Filter>
    </ClCompile>
    <ClCompile Include="CorrectParaSetView.cpp">
      <Filter>Source Files</Filter>
    </ClCompile>
    <ClCompile Include="MotorSetView.cpp">
      <Filter>Source Files</Filter>
    </ClCompile>
    <ClCompile Include="AutoMaintenanceSetView.cpp">
      <Filter>Source Files</Filter>
    </ClCompile>
    <ClCompile Include="AutoSamplingSetView.cpp">
      <Filter>Source Files</Filter>
    </ClCompile>
    <ClCompile Include="LMNESetView.cpp">
      <Filter>Source Files</Filter>
    </ClCompile>
    <ClCompile Include="DevelopmentSetView.cpp">
      <Filter>Source Files</Filter>
    </ClCompile>
    <ClCompile Include="PLTSetView.cpp">
      <Filter>Source Files</Filter>
    </ClCompile>
    <ClCompile Include="CompanySetView.cpp">
      <Filter>Source Files</Filter>
    </ClCompile>
    <ClCompile Include="ThresholdSetView.cpp">
      <Filter>Source Files</Filter>
    </ClCompile>
    <ClCompile Include="UploadSetView.cpp">
      <Filter>Source Files</Filter>
    </ClCompile>
    <ClCompile Include="ReportSetView.cpp">
      <Filter>Source Files</Filter>
    </ClCompile>
    <ClCompile Include="ResetView.cpp">
      <Filter>Source Files</Filter>
    </ClCompile>
    <ClCompile Include="MaintainView.cpp">
      <Filter>Source Files</Filter>
    </ClCompile>
    <ClCompile Include="SelftestView.cpp">
      <Filter>Source Files</Filter>
    </ClCompile>
    <ClCompile Include="MotortestView.cpp">
      <Filter>Source Files</Filter>
    </ClCompile>
    <ClCompile Include="ValvetestView.cpp">
      <Filter>Source Files</Filter>
    </ClCompile>
    <ClCompile Include="PerfusionView.cpp">
      <Filter>Source Files</Filter>
    </ClCompile>
    <ClCompile Include="CleanView.cpp">
      <Filter>Source Files</Filter>
    </ClCompile>
    <ClCompile Include="EmptyView.cpp">
      <Filter>Source Files</Filter>
    </ClCompile>
    <ClCompile Include="ConcentratecleanView.cpp">
      <Filter>Source Files</Filter>
    </ClCompile>
    <ClCompile Include="RecoilView.cpp">
      <Filter>Source Files</Filter>
    </ClCompile>
    <ClCompile Include="MicroperfusionView.cpp">
      <Filter>Source Files</Filter>
    </ClCompile>
    <ClCompile Include="AutocleanView.cpp">
      <Filter>Source Files</Filter>
    </ClCompile>
    <ClCompile Include="ReagentmanagementView.cpp">
      <Filter>Source Files</Filter>
    </ClCompile>
    <ClCompile Include="CleantankView.cpp">
      <Filter>Source Files</Filter>
    </ClCompile>
    <ClCompile Include="FaultstatisticsView.cpp">
      <Filter>Source Files</Filter>
    </ClCompile>
    <ClCompile Include="GraphicdebuugView.cpp">
      <Filter>Source Files</Filter>
    </ClCompile>
    <ClCompile Include="HgbtestView.cpp">
      <Filter>Source Files</Filter>
    </ClCompile>
    <ClCompile Include="LmnetestView.cpp">
      <Filter>Source Files</Filter>
    </ClCompile>
    <ClCompile Include="LocationquantitativeView.cpp">
      <Filter>Source Files</Filter>
    </ClCompile>
    <ClCompile Include="SourcemanagementView.cpp">
      <Filter>Source Files</Filter>
    </ClCompile>
    <ClCompile Include="TemperaturecontrolView.cpp">
      <Filter>Source Files</Filter>
    </ClCompile>
    <ClCompile Include="ReportGenerator\BorderLine.cpp">
      <Filter>Source Files</Filter>
    </ClCompile>
    <ClCompile Include="ReportGenerator\Column.cpp">
      <Filter>Source Files</Filter>
    </ClCompile>
    <ClCompile Include="ReportGenerator\DrawBox.cpp">
      <Filter>Source Files</Filter>
    </ClCompile>
    <ClCompile Include="ReportGenerator\DrawEllipse.cpp">
      <Filter>Source Files</Filter>
    </ClCompile>
    <ClCompile Include="ReportGenerator\DrawField.cpp">
      <Filter>Source Files</Filter>
    </ClCompile>
    <ClCompile Include="ReportGenerator\DrawGrid.cpp">
      <Filter>Source Files</Filter>
    </ClCompile>
    <ClCompile Include="ReportGenerator\DrawLabel.cpp">
      <Filter>Source Files</Filter>
    </ClCompile>
    <ClCompile Include="ReportGenerator\DrawLine.cpp">
      <Filter>Source Files</Filter>
    </ClCompile>
    <ClCompile Include="ReportGenerator\DrawObject.cpp">
      <Filter>Source Files</Filter>
    </ClCompile>
    <ClCompile Include="ReportGenerator\DrawPicture.cpp">
      <Filter>Source Files</Filter>
    </ClCompile>
    <ClCompile Include="ReportGenerator\FieldFactory.cpp">
      <Filter>Source Files</Filter>
    </ClCompile>
    <ClCompile Include="ReportGenerator\ReportGenerator.cpp">
      <Filter>Source Files</Filter>
    </ClCompile>
    <ClCompile Include="ReportGenerator\StringHelpers.cpp">
      <Filter>Source Files</Filter>
    </ClCompile>
    <ClCompile Include="ReportGenerator\Tokenizer.cpp">
      <Filter>Source Files</Filter>
    </ClCompile>
    <ClCompile Include="ReportGenerator\UnitConversion.cpp">
      <Filter>Source Files</Filter>
    </ClCompile>
    <ClCompile Include="ReportGenerator\TextFile\TextFile.cpp">
      <Filter>Source Files</Filter>
    </ClCompile>
    <ClCompile Include="CalibrationView.cpp">
      <Filter>Source Files</Filter>
    </ClCompile>
    <ClCompile Include="Reagentmanagement2View.cpp">
      <Filter>Source Files</Filter>
    </ClCompile>
    <ClCompile Include="ChangeReagentView.cpp">
      <Filter>Source Files</Filter>
    </ClCompile>
    <ClCompile Include="ChangeAllReagentView.cpp">
      <Filter>Source Files</Filter>
    </ClCompile>
    <ClCompile Include="ThreadAS.cpp">
      <Filter>Source Files</Filter>
    </ClCompile>
    <ClCompile Include="RS232.cpp">
      <Filter>Source Files</Filter>
    </ClCompile>
    <ClCompile Include="ReagentalarmView.cpp">
      <Filter>Source Files</Filter>
    </ClCompile>
    <ClCompile Include="FilesOperation.cpp">
      <Filter>Source Files</Filter>
    </ClCompile>
    <ClCompile Include="TypeRangeCopy.cpp">
      <Filter>Source Files</Filter>
    </ClCompile>
    <ClCompile Include="ManualCalibrationView.cpp">
      <Filter>Source Files</Filter>
    </ClCompile>
    <ClCompile Include="QualityControlView.cpp">
      <Filter>Source Files</Filter>
    </ClCompile>
    <ClCompile Include="QualityRadarView.cpp">
      <Filter>Source Files</Filter>
    </ClCompile>
    <ClCompile Include="QualityControlChartView.cpp">
      <Filter>Source Files</Filter>
    </ClCompile>
    <ClCompile Include="QcDataProcess.cpp">
      <Filter>Source Files</Filter>
    </ClCompile>
    <ClCompile Include="QualityTargetValueView.cpp">
      <Filter>Source Files</Filter>
    </ClCompile>
    <ClCompile Include="QualityFileExit.cpp">
      <Filter>Source Files</Filter>
    </ClCompile>
    <ClCompile Include="QualityTestView.cpp">
      <Filter>Source Files</Filter>
    </ClCompile>
    <ClCompile Include="MainFrm.cpp">
      <Filter>Source Files</Filter>
    </ClCompile>
    <ClCompile Include="ConstantCurrentView.cpp">
      <Filter>Source Files</Filter>
    </ClCompile>
    <ClCompile Include="SetMarkModeLMNEView.cpp">
      <Filter>Source Files</Filter>
    </ClCompile>
    <ClCompile Include="BASOLandmarkView.cpp">
      <Filter>Source Files</Filter>
    </ClCompile>
    <ClCompile Include="ControlChooese.cpp">
      <Filter>Source Files</Filter>
    </ClCompile>
    <ClCompile Include="WorkstationView.cpp">
      <Filter>Source Files</Filter>
    </ClCompile>
    <ClCompile Include="WorkstationTasksheet.cpp">
      <Filter>Source Files</Filter>
    </ClCompile>
    <ClCompile Include="WorkstationResult.cpp">
      <Filter>Source Files</Filter>
    </ClCompile>
    <ClCompile Include="WorkstationAnalysis.cpp">
      <Filter>Source Files</Filter>
    </ClCompile>
    <ClCompile Include="AddTaskView.cpp">
      <Filter>Source Files</Filter>
    </ClCompile>
    <ClCompile Include="Hook.cpp">
      <Filter>Source Files</Filter>
    </ClCompile>
    <ClCompile Include="BackupView.cpp">
      <Filter>Source Files</Filter>
    </ClCompile>
    <ClCompile Include="BackupSetView.cpp">
      <Filter>Source Files</Filter>
    </ClCompile>
    <ClCompile Include="BackupRestoreView.cpp">
      <Filter>Source Files</Filter>
    </ClCompile>
  </ItemGroup>
  <ItemGroup>
    <ResourceCompile Include="BCGPChartExample.rc">
      <Filter>Source Files</Filter>
    </ResourceCompile>
  </ItemGroup>
  <ItemGroup>
    <ClInclude Include="BCGPChartExample.h">
      <Filter>Header Files</Filter>
    </ClInclude>
    <ClInclude Include="BCGPChartExampleDoc.h">
      <Filter>Header Files</Filter>
    </ClInclude>
    <ClInclude Include="BCGPChartExampleView.h">
      <Filter>Header Files</Filter>
    </ClInclude>
    <ClInclude Include="MainFrm.h">
      <Filter>Header Files</Filter>
    </ClInclude>
    <ClInclude Include="Resource.h">
      <Filter>Header Files</Filter>
    </ClInclude>
    <ClInclude Include="StdAfx.h">
      <Filter>Header Files</Filter>
    </ClInclude>
    <ClInclude Include="CommonFunc.h">
      <Filter>Header Files</Filter>
    </ClInclude>
    <ClInclude Include="dev_info.h">
      <Filter>Header Files</Filter>
    </ClInclude>
    <ClInclude Include="Global_def.h">
      <Filter>Header Files</Filter>
    </ClInclude>
    <ClInclude Include="Includes_app.h">
      <Filter>Header Files</Filter>
    </ClInclude>
    <ClInclude Include="RS232.h">
      <Filter>Header Files</Filter>
    </ClInclude>
    <ClInclude Include="Spi.h">
      <Filter>Header Files</Filter>
    </ClInclude>
    <ClInclude Include="usbio.h">
      <Filter>Header Files</Filter>
    </ClInclude>
    <ClInclude Include="Picture.h">
      <Filter>Header Files</Filter>
    </ClInclude>
    <ClInclude Include="LoginDlg.h">
      <Filter>Header Files</Filter>
    </ClInclude>
    <ClInclude Include="TestmainView.h">
      <Filter>Header Files</Filter>
    </ClInclude>
    <ClInclude Include="CMyBCGPListCtrl.h">
      <Filter>Header Files</Filter>
    </ClInclude>
    <ClInclude Include="HeaderCtrl.h">
      <Filter>Header Files</Filter>
    </ClInclude>
    <ClInclude Include="ListCtrl.h">
      <Filter>Header Files</Filter>
    </ClInclude>
    <ClInclude Include="CMyBCGPHeaderCtrl.h">
      <Filter>Header Files</Filter>
    </ClInclude>
    <ClInclude Include="WorkSheetView.h">
      <Filter>Header Files</Filter>
    </ClInclude>
    <ClInclude Include="PatientInfoView.h">
      <Filter>Header Files</Filter>
    </ClInclude>
    <ClInclude Include="DoctorInfoView.h">
      <Filter>Header Files</Filter>
    </ClInclude>
    <ClInclude Include="LogView.h">
      <Filter>Header Files</Filter>
    </ClInclude>
    <ClInclude Include="ResultListView.h">
      <Filter>Header Files</Filter>
    </ClInclude>
    <ClInclude Include="PatientResultView.h">
      <Filter>Header Files</Filter>
    </ClInclude>
    <ClInclude Include="StructDefine.h">
      <Filter>Header Files</Filter>
    </ClInclude>
    <ClInclude Include="LogProcedure.h">
      <Filter>Header Files</Filter>
    </ClInclude>
    <ClInclude Include="DataTransmission.h">
      <Filter>Header Files</Filter>
    </ClInclude>
    <ClInclude Include="DataProcess.h">
      <Filter>Header Files</Filter>
    </ClInclude>
    <ClInclude Include="Database.h">
      <Filter>Header Files</Filter>
    </ClInclude>
    <ClInclude Include="ResultDetails.h">
      <Filter>Header Files</Filter>
    </ClInclude>
    <ClInclude Include="ConfigSetView.h">
      <Filter>Header Files</Filter>
    </ClInclude>
    <ClInclude Include="WorkspaceBar.h">
      <Filter>Header Files</Filter>
    </ClInclude>
    <ClInclude Include="TimeSetView.h">
      <Filter>Header Files</Filter>
    </ClInclude>
    <ClInclude Include="UnitSetView.h">
      <Filter>Header Files</Filter>
    </ClInclude>
    <ClInclude Include="RangeSetView.h">
      <Filter>Header Files</Filter>
    </ClInclude>
    <ClInclude Include="PrintSetView.h">
      <Filter>Header Files</Filter>
    </ClInclude>
    <ClInclude Include="CorrectParaSetView.h">
      <Filter>Header Files</Filter>
    </ClInclude>
    <ClInclude Include="MotorSetView.h">
      <Filter>Header Files</Filter>
    </ClInclude>
    <ClInclude Include="AutoMaintenanceSetView.h">
      <Filter>Header Files</Filter>
    </ClInclude>
    <ClInclude Include="AutoSamplingSetView.h">
      <Filter>Header Files</Filter>
    </ClInclude>
    <ClInclude Include="LMNESetView.h">
      <Filter>Header Files</Filter>
    </ClInclude>
    <ClInclude Include="DevelopmentSetView.h">
      <Filter>Header Files</Filter>
    </ClInclude>
    <ClInclude Include="PLTSetView.h">
      <Filter>Header Files</Filter>
    </ClInclude>
    <ClInclude Include="CompanySetView.h">
      <Filter>Header Files</Filter>
    </ClInclude>
    <ClInclude Include="ThresholdSetView.h">
      <Filter>Header Files</Filter>
    </ClInclude>
    <ClInclude Include="UploadSetView.h">
      <Filter>Header Files</Filter>
    </ClInclude>
    <ClInclude Include="ReportSetView.h">
      <Filter>Header Files</Filter>
    </ClInclude>
    <ClInclude Include="ResetView.h">
      <Filter>Header Files</Filter>
    </ClInclude>
    <ClInclude Include="MaintainView.h">
      <Filter>Header Files</Filter>
    </ClInclude>
    <ClInclude Include="SelftestView.h">
      <Filter>Header Files</Filter>
    </ClInclude>
    <ClInclude Include="MotortestView.h">
      <Filter>Header Files</Filter>
    </ClInclude>
    <ClInclude Include="ValvetestView.h">
      <Filter>Header Files</Filter>
    </ClInclude>
    <ClInclude Include="PerfusionView.h">
      <Filter>Header Files</Filter>
    </ClInclude>
    <ClInclude Include="CleanView.h">
      <Filter>Header Files</Filter>
    </ClInclude>
    <ClInclude Include="EmptyView.h">
      <Filter>Header Files</Filter>
    </ClInclude>
    <ClInclude Include="ConcentratecleanView.h">
      <Filter>Header Files</Filter>
    </ClInclude>
    <ClInclude Include="RecoilView.h">
      <Filter>Header Files</Filter>
    </ClInclude>
    <ClInclude Include="MicroperfusionView.h">
      <Filter>Header Files</Filter>
    </ClInclude>
    <ClInclude Include="AutocleanView.h">
      <Filter>Header Files</Filter>
    </ClInclude>
    <ClInclude Include="ReagentmanagementView.h">
      <Filter>Header Files</Filter>
    </ClInclude>
    <ClInclude Include="CleantankView.h">
      <Filter>Header Files</Filter>
    </ClInclude>
    <ClInclude Include="FaultstatisticsView.h">
      <Filter>Header Files</Filter>
    </ClInclude>
    <ClInclude Include="GraphicdebuugView.h">
      <Filter>Header Files</Filter>
    </ClInclude>
    <ClInclude Include="HgbtestView.h">
      <Filter>Header Files</Filter>
    </ClInclude>
    <ClInclude Include="LmnetestView.h">
      <Filter>Header Files</Filter>
    </ClInclude>
    <ClInclude Include="LocationquantitativeView.h">
      <Filter>Header Files</Filter>
    </ClInclude>
    <ClInclude Include="SourcemanagementView.h">
      <Filter>Header Files</Filter>
    </ClInclude>
    <ClInclude Include="TemperaturecontrolView.h">
      <Filter>Header Files</Filter>
    </ClInclude>
    <ClInclude Include="ReportGenerator\BorderLine.h">
      <Filter>Header Files</Filter>
    </ClInclude>
    <ClInclude Include="ReportGenerator\Column.h">
      <Filter>Header Files</Filter>
    </ClInclude>
    <ClInclude Include="ReportGenerator\Container.h">
      <Filter>Header Files</Filter>
    </ClInclude>
    <ClInclude Include="ReportGenerator\ContainerArray.h">
      <Filter>Header Files</Filter>
    </ClInclude>
    <ClInclude Include="ReportGenerator\DoublePoint.h">
      <Filter>Header Files</Filter>
    </ClInclude>
    <ClInclude Include="ReportGenerator\DoubleRect.h">
      <Filter>Header Files</Filter>
    </ClInclude>
    <ClInclude Include="ReportGenerator\DrawBox.h">
      <Filter>Header Files</Filter>
    </ClInclude>
    <ClInclude Include="ReportGenerator\DrawEllipse.h">
      <Filter>Header Files</Filter>
    </ClInclude>
    <ClInclude Include="ReportGenerator\DrawField.h">
      <Filter>Header Files</Filter>
    </ClInclude>
    <ClInclude Include="ReportGenerator\DrawGrid.h">
      <Filter>Header Files</Filter>
    </ClInclude>
    <ClInclude Include="ReportGenerator\DrawLabel.h">
      <Filter>Header Files</Filter>
    </ClInclude>
    <ClInclude Include="ReportGenerator\DrawLine.h">
      <Filter>Header Files</Filter>
    </ClInclude>
    <ClInclude Include="ReportGenerator\DrawObject.h">
      <Filter>Header Files</Filter>
    </ClInclude>
    <ClInclude Include="ReportGenerator\DrawPicture.h">
      <Filter>Header Files</Filter>
    </ClInclude>
    <ClInclude Include="ReportGenerator\FieldFactory.h">
      <Filter>Header Files</Filter>
    </ClInclude>
    <ClInclude Include="ReportGenerator\ReportGenerator.h">
      <Filter>Header Files</Filter>
    </ClInclude>
    <ClInclude Include="ReportGenerator\StringHelpers.h">
      <Filter>Header Files</Filter>
    </ClInclude>
    <ClInclude Include="ReportGenerator\TContainer.h">
      <Filter>Header Files</Filter>
    </ClInclude>
    <ClInclude Include="ReportGenerator\Tokenizer.h">
      <Filter>Header Files</Filter>
    </ClInclude>
    <ClInclude Include="ReportGenerator\UnitConversion.h">
      <Filter>Header Files</Filter>
    </ClInclude>
    <ClInclude Include="ReportGenerator\TextFile\TextFile.h">
      <Filter>Header Files</Filter>
    </ClInclude>
    <ClInclude Include="CalibrationView.h">
      <Filter>Header Files</Filter>
    </ClInclude>
    <ClInclude Include="Reagentmanagement2View.h">
      <Filter>Header Files</Filter>
    </ClInclude>
    <ClInclude Include="ChangeReagentView.h">
      <Filter>Header Files</Filter>
    </ClInclude>
    <ClInclude Include="ChangeAllReagentView.h">
      <Filter>Header Files</Filter>
    </ClInclude>
    <ClInclude Include="ThreadAS.h">
      <Filter>Header Files</Filter>
    </ClInclude>
    <ClInclude Include="ReagentalarmView.h">
      <Filter>Header Files</Filter>
    </ClInclude>
    <ClInclude Include="FilesOperation.h">
      <Filter>Header Files</Filter>
    </ClInclude>
    <ClInclude Include="TypeRangeCopy.h">
      <Filter>Header Files</Filter>
    </ClInclude>
    <ClInclude Include="ManualCalibrationView.h">
      <Filter>Header Files</Filter>
    </ClInclude>
    <ClInclude Include="QualityControlView.h">
      <Filter>Header Files</Filter>
    </ClInclude>
    <ClInclude Include="QualityRadarView.h">
      <Filter>Header Files</Filter>
    </ClInclude>
    <ClInclude Include="QualityControlChartView.h">
      <Filter>Header Files</Filter>
    </ClInclude>
    <ClInclude Include="QcDataProcess.h">
      <Filter>Header Files</Filter>
    </ClInclude>
    <ClInclude Include="QualityTargetValueView.h">
      <Filter>Header Files</Filter>
    </ClInclude>
    <ClInclude Include="QualityFileExit.h">
      <Filter>Header Files</Filter>
    </ClInclude>
    <ClInclude Include="QualityTestView.h">
      <Filter>Header Files</Filter>
    </ClInclude>
    <ClInclude Include="ConstantCurrentView.h">
      <Filter>Header Files</Filter>
    </ClInclude>
    <ClInclude Include="SetMarkModeLMNEView.h">
      <Filter>Header Files</Filter>
    </ClInclude>
    <ClInclude Include="BASOLandmarkView.h">
      <Filter>Header Files</Filter>
    </ClInclude>
    <ClInclude Include="ControlChooese.h">
      <Filter>Header Files</Filter>
    </ClInclude>
    <ClInclude Include="WorkstationView.h">
      <Filter>Header Files</Filter>
    </ClInclude>
    <ClInclude Include="WorkstationTasksheet.h">
      <Filter>Header Files</Filter>
    </ClInclude>
    <ClInclude Include="WorkstationResult.h">
      <Filter>Header Files</Filter>
    </ClInclude>
    <ClInclude Include="WorkstationAnalysis.h">
      <Filter>Header Files</Filter>
    </ClInclude>
    <ClInclude Include="AddTaskView.h">
      <Filter>Header Files</Filter>
    </ClInclude>
    <ClInclude Include="Hook.h">
      <Filter>Header Files</Filter>
    </ClInclude>
    <ClInclude Include="BackupView.h">
      <Filter>Header Files</Filter>
    </ClInclude>
    <ClInclude Include="BackupSetView.h">
      <Filter>Header Files</Filter>
    </ClInclude>
    <ClInclude Include="BackupRestoreView.h">
      <Filter>Header Files</Filter>
    </ClInclude>
  </ItemGroup>
  <ItemGroup>
    <None Include="res\BCGPChartExample.ico">
      <Filter>Resource Files</Filter>
    </None>
    <None Include="res\BCGPChartExample.rc2">
      <Filter>Resource Files</Filter>
    </None>
    <None Include="res\BCGPChartExampleDoc.ico">
      <Filter>Resource Files</Filter>
    </None>
    <None Include="res\Toolbar.bmp">
      <Filter>Resource Files</Filter>
    </None>
    <None Include="res\workspace.bmp">
      <Filter>Resource Files</Filter>
    </None>
    <None Include="ReadMe.txt" />
    <None Include="xptheme.xml" />
    <None Include="res\wall.png">
      <Filter>Resource Files</Filter>
    </None>
    <None Include="res\background.png">
      <Filter>Resource Files</Filter>
    </None>
    <None Include="res\texture1.png">
      <Filter>Resource Files</Filter>
    </None>
    <None Include="res\texture2.png">
      <Filter>Resource Files</Filter>
    </None>
    <None Include="res\texture3.png">
      <Filter>Resource Files</Filter>
    </None>
    <None Include="res\texture4.png">
      <Filter>Resource Files</Filter>
    </None>
    <None Include="res\texture5.png">
      <Filter>Resource Files</Filter>
    </None>
    <None Include="ClassDiagram.cd" />
    <None Include="ClassDiagram1.cd" />
  </ItemGroup>
  <ItemGroup>
    <Image Include="res\toolbartree.bmp">
      <Filter>Resource Files</Filter>
    </Image>
    <Image Include="res\Toolbar_hc.png" />
    <Image Include="res\bitmap1.bmp">
      <Filter>Resource Files</Filter>
    </Image>
    <Image Include="res\logo200.bmp">
      <Filter>Resource Files</Filter>
    </Image>
    <Image Include="res\shortcuts.bmp">
      <Filter>Resource Files</Filter>
    </Image>
    <Image Include="res\png1.png" />
    <Image Include="res\shortcuts32.png" />
    <Image Include="C:\Users\jackon\Desktop\p.bmp">
      <Filter>Resource Files</Filter>
    </Image>
    <Image Include="C:\Users\jackon\Desktop\red100.bmp">
      <Filter>Resource Files</Filter>
    </Image>
    <Image Include="res\bas.png" />
    <Image Include="res\diluent.png" />
    <Image Include="res\eos.png" />
    <Image Include="res\hgb.png" />
    <Image Include="res\rinse.png" />
    <Image Include="C:\Users\jackon\Desktop\bas.bmp">
      <Filter>Resource Files</Filter>
    </Image>
    <Image Include="res\shortcuts.png" />
    <Image Include="res\png2.png" />
    <Image Include="res\controltype.png" />
  </ItemGroup>
</Project>