
Microsoft Visual Studio Solution File, Format Version 12.00
# Visual Studio 2013
VisualStudioVersion = 12.0.31101.0
MinimumVisualStudioVersion = 10.0.40219.1
Project("{8BC9CEB8-8B4A-11D0-8D11-00A0C91BC942}") = "BCGPChartExample", "BCGPChartExample.vcxproj", "{DBC5C53E-EE35-4883-987D-9A6317D8B521}"
EndProject
Global
	GlobalSection(SolutionConfigurationPlatforms) = preSolution
		Debug|Win32 = Debug|Win32
		Debug|x64 = Debug|x64
		Release|Win32 = Release|Win32
		Release|x64 = Release|x64
		ReleaseStatic|Win32 = ReleaseStatic|Win32
		ReleaseStatic|x64 = ReleaseStatic|x64
	EndGlobalSection
	GlobalSection(ProjectConfigurationPlatforms) = postSolution
		{DBC5C53E-EE35-4883-987D-9A6317D8B521}.Debug|Win32.ActiveCfg = Debug|Win32
		{DBC5C53E-EE35-4883-987D-9A6317D8B521}.Debug|Win32.Build.0 = Debug|Win32
		{DBC5C53E-EE35-4883-987D-9A6317D8B521}.Debug|x64.ActiveCfg = Debug|x64
		{DBC5C53E-EE35-4883-987D-9A6317D8B521}.Debug|x64.Build.0 = Debug|x64
		{DBC5C53E-EE35-4883-987D-9A6317D8B521}.Release|Win32.ActiveCfg = Release|Win32
		{DBC5C53E-EE35-4883-987D-9A6317D8B521}.Release|Win32.Build.0 = Release|Win32
		{DBC5C53E-EE35-4883-987D-9A6317D8B521}.Release|x64.ActiveCfg = Release|x64
		{DBC5C53E-EE35-4883-987D-9A6317D8B521}.Release|x64.Build.0 = Release|x64
		{DBC5C53E-EE35-4883-987D-9A6317D8B521}.ReleaseStatic|Win32.ActiveCfg = ReleaseStatic|Win32
		{DBC5C53E-EE35-4883-987D-9A6317D8B521}.ReleaseStatic|Win32.Build.0 = ReleaseStatic|Win32
		{DBC5C53E-EE35-4883-987D-9A6317D8B521}.ReleaseStatic|x64.ActiveCfg = ReleaseStatic|x64
		{DBC5C53E-EE35-4883-987D-9A6317D8B521}.ReleaseStatic|x64.Build.0 = ReleaseStatic|x64
	EndGlobalSection
	GlobalSection(SolutionProperties) = preSolution
		HideSolutionNode = FALSE
	EndGlobalSection
EndGlobal
